
Microsoft Visual Studio Solution File, Format Version 12.00
# Visual Studio Version 17
VisualStudioVersion = 17.14.36414.22 d17.14
MinimumVisualStudioVersion = 10.0.40219.1
Project("{FAE04EC0-301F-11D3-BF4B-00C04F79EFBC}") = "Taller2DJP252GitTest", "Taller2DJP252GitTest.csproj", "{2F5CA4EE-8FD5-4981-BE62-AA5D3E9551E7}"
EndProject
Global
	GlobalSection(SolutionConfigurationPlatforms) = preSolution
		Debug|Any CPU = Debug|Any CPU
		Release|Any CPU = Release|Any CPU
	EndGlobalSection
	GlobalSection(ProjectConfigurationPlatforms) = postSolution
		{2F5CA4EE-8FD5-4981-BE62-AA5D3E9551E7}.Debug|Any CPU.ActiveCfg = Debug|Any CPU
		{2F5CA4EE-8FD5-4981-BE62-AA5D3E9551E7}.Debug|Any CPU.Build.0 = Debug|Any CPU
		{2F5CA4EE-8FD5-4981-BE62-AA5D3E9551E7}.Release|Any CPU.ActiveCfg = Release|Any CPU
		{2F5CA4EE-8FD5-4981-BE62-AA5D3E9551E7}.Release|Any CPU.Build.0 = Release|Any CPU
	EndGlobalSection
	GlobalSection(SolutionProperties) = preSolution
		HideSolutionNode = FALSE
	EndGlobalSection
	GlobalSection(ExtensibilityGlobals) = postSolution
		SolutionGuid = {B6EBFB07-0DB0-4541-BBE2-A9D63FF1B8F6}
	EndGlobalSection
EndGlobal
